
Microsoft Visual Studio Solution File, Format Version 12.00
# Visual Studio Version 17
VisualStudioVersion = 17.0.31903.59
MinimumVisualStudioVersion = 10.0.40219.1
Project("{2150E333-8FDC-42A3-9474-1A3956D46DE8}") = "src", "src", "{D47AFE57-2613-4CC3-ABE5-C7AFCB3A173F}"
EndProject
Project("{FAE04EC0-301F-11D3-BF4B-00C04F79EFBC}") = "Ccx.Api", "src\Ccx.Api\Ccx.Api.csproj", "{EE519EE7-F3A8-4A1A-8C2B-499C33BF7825}"
EndProject
Project("{FAE04EC0-301F-11D3-BF4B-00C04F79EFBC}") = "Ccx.Cli", "src\Ccx.Cli\Ccx.Cli.csproj", "{90143280-9198-487B-AB61-3073EE448373}"
EndProject
Project("{FAE04EC0-301F-11D3-BF4B-00C04F79EFBC}") = "Ccx.Core", "src\Ccx.Core\Ccx.Core.csproj", "{77E87CBF-8EF4-4146-B3B2-88E1681B4E34}"
EndProject
Project("{FAE04EC0-301F-11D3-BF4B-00C04F79EFBC}") = "Ccx.Tools", "src\Ccx.Tools\Ccx.Tools.csproj", "{AD3277DD-9CF8-4B32-ABC9-4DA0784CA15D}"
EndProject
Project("{2150E333-8FDC-42A3-9474-1A3956D46DE8}") = "tests", "tests", "{B863234C-D5B6-4C62-9482-C2D77B8EFF21}"
EndProject
Project("{FAE04EC0-301F-11D3-BF4B-00C04F79EFBC}") = "Ccx.Api.Tests", "tests\Ccx.Api.Tests\Ccx.Api.Tests.csproj", "{89A5020B-8A5E-4B17-9230-5E8DC9C22170}"
EndProject
Project("{FAE04EC0-301F-11D3-BF4B-00C04F79EFBC}") = "Ccx.Core.Tests", "tests\Ccx.Core.Tests\Ccx.Core.Tests.csproj", "{5FD52C8F-673F-43FD-B760-0064F366E2C5}"
EndProject
Project("{FAE04EC0-301F-11D3-BF4B-00C04F79EFBC}") = "Ccx.Tools.Tests", "tests\Ccx.Tools.Tests\Ccx.Tools.Tests.csproj", "{E0250731-C1BD-4D9A-9EF1-AE3A3AAAA5D3}"
EndProject
Global
	GlobalSection(SolutionConfigurationPlatforms) = preSolution
		Debug|Any CPU = Debug|Any CPU
		Release|Any CPU = Release|Any CPU
	EndGlobalSection
	GlobalSection(SolutionProperties) = preSolution
		HideSolutionNode = FALSE
	EndGlobalSection
	GlobalSection(ProjectConfigurationPlatforms) = postSolution
		{EE519EE7-F3A8-4A1A-8C2B-499C33BF7825}.Debug|Any CPU.ActiveCfg = Debug|Any CPU
		{EE519EE7-F3A8-4A1A-8C2B-499C33BF7825}.Debug|Any CPU.Build.0 = Debug|Any CPU
		{EE519EE7-F3A8-4A1A-8C2B-499C33BF7825}.Release|Any CPU.ActiveCfg = Release|Any CPU
		{EE519EE7-F3A8-4A1A-8C2B-499C33BF7825}.Release|Any CPU.Build.0 = Release|Any CPU
		{90143280-9198-487B-AB61-3073EE448373}.Debug|Any CPU.ActiveCfg = Debug|Any CPU
		{90143280-9198-487B-AB61-3073EE448373}.Debug|Any CPU.Build.0 = Debug|Any CPU
		{90143280-9198-487B-AB61-3073EE448373}.Release|Any CPU.ActiveCfg = Release|Any CPU
		{90143280-9198-487B-AB61-3073EE448373}.Release|Any CPU.Build.0 = Release|Any CPU
		{77E87CBF-8EF4-4146-B3B2-88E1681B4E34}.Debug|Any CPU.ActiveCfg = Debug|Any CPU
		{77E87CBF-8EF4-4146-B3B2-88E1681B4E34}.Debug|Any CPU.Build.0 = Debug|Any CPU
		{77E87CBF-8EF4-4146-B3B2-88E1681B4E34}.Release|Any CPU.ActiveCfg = Release|Any CPU
		{77E87CBF-8EF4-4146-B3B2-88E1681B4E34}.Release|Any CPU.Build.0 = Release|Any CPU
		{AD3277DD-9CF8-4B32-ABC9-4DA0784CA15D}.Debug|Any CPU.ActiveCfg = Debug|Any CPU
		{AD3277DD-9CF8-4B32-ABC9-4DA0784CA15D}.Debug|Any CPU.Build.0 = Debug|Any CPU
		{AD3277DD-9CF8-4B32-ABC9-4DA0784CA15D}.Release|Any CPU.ActiveCfg = Release|Any CPU
		{AD3277DD-9CF8-4B32-ABC9-4DA0784CA15D}.Release|Any CPU.Build.0 = Release|Any CPU
		{89A5020B-8A5E-4B17-9230-5E8DC9C22170}.Debug|Any CPU.ActiveCfg = Debug|Any CPU
		{89A5020B-8A5E-4B17-9230-5E8DC9C22170}.Debug|Any CPU.Build.0 = Debug|Any CPU
		{89A5020B-8A5E-4B17-9230-5E8DC9C22170}.Release|Any CPU.ActiveCfg = Release|Any CPU
		{89A5020B-8A5E-4B17-9230-5E8DC9C22170}.Release|Any CPU.Build.0 = Release|Any CPU
		{5FD52C8F-673F-43FD-B760-0064F366E2C5}.Debug|Any CPU.ActiveCfg = Debug|Any CPU
		{5FD52C8F-673F-43FD-B760-0064F366E2C5}.Debug|Any CPU.Build.0 = Debug|Any CPU
		{5FD52C8F-673F-43FD-B760-0064F366E2C5}.Release|Any CPU.ActiveCfg = Release|Any CPU
		{5FD52C8F-673F-43FD-B760-0064F366E2C5}.Release|Any CPU.Build.0 = Release|Any CPU
		{E0250731-C1BD-4D9A-9EF1-AE3A3AAAA5D3}.Debug|Any CPU.ActiveCfg = Debug|Any CPU
		{E0250731-C1BD-4D9A-9EF1-AE3A3AAAA5D3}.Debug|Any CPU.Build.0 = Debug|Any CPU
		{E0250731-C1BD-4D9A-9EF1-AE3A3AAAA5D3}.Release|Any CPU.ActiveCfg = Release|Any CPU
		{E0250731-C1BD-4D9A-9EF1-AE3A3AAAA5D3}.Release|Any CPU.Build.0 = Release|Any CPU
	EndGlobalSection
	GlobalSection(NestedProjects) = preSolution
		{EE519EE7-F3A8-4A1A-8C2B-499C33BF7825} = {D47AFE57-2613-4CC3-ABE5-C7AFCB3A173F}
		{90143280-9198-487B-AB61-3073EE448373} = {D47AFE57-2613-4CC3-ABE5-C7AFCB3A173F}
		{77E87CBF-8EF4-4146-B3B2-88E1681B4E34} = {D47AFE57-2613-4CC3-ABE5-C7AFCB3A173F}
		{AD3277DD-9CF8-4B32-ABC9-4DA0784CA15D} = {D47AFE57-2613-4CC3-ABE5-C7AFCB3A173F}
		{89A5020B-8A5E-4B17-9230-5E8DC9C22170} = {B863234C-D5B6-4C62-9482-C2D77B8EFF21}
		{5FD52C8F-673F-43FD-B760-0064F366E2C5} = {B863234C-D5B6-4C62-9482-C2D77B8EFF21}
		{E0250731-C1BD-4D9A-9EF1-AE3A3AAAA5D3} = {B863234C-D5B6-4C62-9482-C2D77B8EFF21}
	EndGlobalSection
EndGlobal
