
Microsoft Visual Studio Solution File, Format Version 12.00
# Visual Studio Version 17
VisualStudioVersion = 17.0.31903.59
MinimumVisualStudioVersion = 10.0.40219.1
Project("{2150E333-8FDC-42A3-9474-1A3956D46DE8}") = "src", "src", "{D47AFE57-2613-4CC3-ABE5-C7AFCB3A173F}"
EndProject
Project("{FAE04EC0-301F-11D3-BF4B-00C04F79EFBC}") = "Ccx.Api", "src\Ccx.Api\Ccx.Api.csproj", "{EE519EE7-F3A8-4A1A-8C2B-499C33BF7825}"
EndProject
Project("{FAE04EC0-301F-11D3-BF4B-00C04F79EFBC}") = "Ccx.Cli", "src\Ccx.Cli\Ccx.Cli.csproj", "{90143280-9198-487B-AB61-3073EE448373}"
EndProject
Project("{FAE04EC0-301F-11D3-BF4B-00C04F79EFBC}") = "Ccx.Core", "src\Ccx.Core\Ccx.Core.csproj", "{77E87CBF-8EF4-4146-B3B2-88E1681B4E34}"
EndProject
Project("{FAE04EC0-301F-11D3-BF4B-00C04F79EFBC}") = "Ccx.Tools", "src\Ccx.Tools\Ccx.Tools.csproj", "{AD3277DD-9CF8-4B32-ABC9-4DA0784CA15D}"
EndProject
Project("{2150E333-8FDC-42A3-9474-1A3956D46DE8}") = "tests", "tests", "{B863234C-D5B6-4C62-9482-C2D77B8EFF21}"
EndProject
Project("{FAE04EC0-301F-11D3-BF4B-00C04F79EFBC}") = "Ccx.Api.Tests", "tests\Ccx.Api.Tests\Ccx.Api.Tests.csproj", "{89A5020B-8A5E-4B17-9230-5E8DC9C22170}"
EndProject
Project("{FAE04EC0-301F-11D3-BF4B-00C04F79EFBC}") = "Ccx.Core.Tests", "tests\Ccx.Core.Tests\Ccx.Core.Tests.csproj", "{5FD52C8F-673F-43FD-B760-0064F366E2C5}"
EndProject
Project("{FAE04EC0-301F-11D3-BF4B-00C04F79EFBC}") = "Ccx.Tools.Tests", "tests\Ccx.Tools.Tests\Ccx.Tools.Tests.csproj", "{E0250731-C1BD-4D9A-9EF1-AE3A3AAAA5D3}"
EndProject
Project("{FAE04EC0-301F-11D3-BF4B-00C04F79EFBC}") = "Ccx.Tui", "src\Ccx.Tui\Ccx.Tui.csproj", "{DEB69470-47B7-41E7-9670-11EC252021EF}"
EndProject
Project("{FAE04EC0-301F-11D3-BF4B-00C04F79EFBC}") = "Ccx.Permissions", "src\Ccx.Permissions\Ccx.Permissions.csproj", "{332CC80F-39A3-4B37-A639-B887B6C957B4}"
EndProject
Project("{FAE04EC0-301F-11D3-BF4B-00C04F79EFBC}") = "Ccx.Permissions.Tests", "tests\Ccx.Permissions.Tests\Ccx.Permissions.Tests.csproj", "{7B6AD58F-059D-437C-80D4-C7E2745A42B2}"
EndProject
Project("{FAE04EC0-301F-11D3-BF4B-00C04F79EFBC}") = "Ccx.Config", "src\Ccx.Config\Ccx.Config.csproj", "{DEF77549-AE08-462A-8C24-18FB434AA21A}"
EndProject
Project("{FAE04EC0-301F-11D3-BF4B-00C04F79EFBC}") = "Ccx.Config.Tests", "tests\Ccx.Config.Tests\Ccx.Config.Tests.csproj", "{C0C678FA-CCFF-41E2-8CD0-03FCCC6D7C0F}"
EndProject
Project("{FAE04EC0-301F-11D3-BF4B-00C04F79EFBC}") = "Ccx.Compact", "src\Ccx.Compact\Ccx.Compact.csproj", "{F9FFB37A-E504-4D36-9144-23B917A6E683}"
EndProject
Project("{FAE04EC0-301F-11D3-BF4B-00C04F79EFBC}") = "Ccx.Mcp", "src\Ccx.Mcp\Ccx.Mcp.csproj", "{2D949B0A-8579-4EE0-9C05-974E2F7BEC81}"
EndProject
Project("{FAE04EC0-301F-11D3-BF4B-00C04F79EFBC}") = "Ccx.Skills", "src\Ccx.Skills\Ccx.Skills.csproj", "{83E3991E-D0E1-401A-B8FC-89C1DC159682}"
EndProject
Project("{FAE04EC0-301F-11D3-BF4B-00C04F79EFBC}") = "Ccx.Compact.Tests", "tests\Ccx.Compact.Tests\Ccx.Compact.Tests.csproj", "{8DEB7CCC-F1DF-4213-A05E-E25F3AE71BE1}"
EndProject
Project("{FAE04EC0-301F-11D3-BF4B-00C04F79EFBC}") = "Ccx.Mcp.Tests", "tests\Ccx.Mcp.Tests\Ccx.Mcp.Tests.csproj", "{DB485204-54AF-401D-8483-4DA3B60F3607}"
EndProject
Project("{FAE04EC0-301F-11D3-BF4B-00C04F79EFBC}") = "Ccx.Skills.Tests", "tests\Ccx.Skills.Tests\Ccx.Skills.Tests.csproj", "{195E3F3D-BF98-498F-861A-C3A55D80B7EA}"
EndProject
Global
	GlobalSection(SolutionConfigurationPlatforms) = preSolution
		Debug|Any CPU = Debug|Any CPU
		Debug|x64 = Debug|x64
		Debug|x86 = Debug|x86
		Release|Any CPU = Release|Any CPU
		Release|x64 = Release|x64
		Release|x86 = Release|x86
	EndGlobalSection
	GlobalSection(ProjectConfigurationPlatforms) = postSolution
		{EE519EE7-F3A8-4A1A-8C2B-499C33BF7825}.Debug|Any CPU.ActiveCfg = Debug|Any CPU
		{EE519EE7-F3A8-4A1A-8C2B-499C33BF7825}.Debug|Any CPU.Build.0 = Debug|Any CPU
		{EE519EE7-F3A8-4A1A-8C2B-499C33BF7825}.Debug|x64.ActiveCfg = Debug|Any CPU
		{EE519EE7-F3A8-4A1A-8C2B-499C33BF7825}.Debug|x64.Build.0 = Debug|Any CPU
		{EE519EE7-F3A8-4A1A-8C2B-499C33BF7825}.Debug|x86.ActiveCfg = Debug|Any CPU
		{EE519EE7-F3A8-4A1A-8C2B-499C33BF7825}.Debug|x86.Build.0 = Debug|Any CPU
		{EE519EE7-F3A8-4A1A-8C2B-499C33BF7825}.Release|Any CPU.ActiveCfg = Release|Any CPU
		{EE519EE7-F3A8-4A1A-8C2B-499C33BF7825}.Release|Any CPU.Build.0 = Release|Any CPU
		{EE519EE7-F3A8-4A1A-8C2B-499C33BF7825}.Release|x64.ActiveCfg = Release|Any CPU
		{EE519EE7-F3A8-4A1A-8C2B-499C33BF7825}.Release|x64.Build.0 = Release|Any CPU
		{EE519EE7-F3A8-4A1A-8C2B-499C33BF7825}.Release|x86.ActiveCfg = Release|Any CPU
		{EE519EE7-F3A8-4A1A-8C2B-499C33BF7825}.Release|x86.Build.0 = Release|Any CPU
		{90143280-9198-487B-AB61-3073EE448373}.Debug|Any CPU.ActiveCfg = Debug|Any CPU
		{90143280-9198-487B-AB61-3073EE448373}.Debug|Any CPU.Build.0 = Debug|Any CPU
		{90143280-9198-487B-AB61-3073EE448373}.Debug|x64.ActiveCfg = Debug|Any CPU
		{90143280-9198-487B-AB61-3073EE448373}.Debug|x64.Build.0 = Debug|Any CPU
		{90143280-9198-487B-AB61-3073EE448373}.Debug|x86.ActiveCfg = Debug|Any CPU
		{90143280-9198-487B-AB61-3073EE448373}.Debug|x86.Build.0 = Debug|Any CPU
		{90143280-9198-487B-AB61-3073EE448373}.Release|Any CPU.ActiveCfg = Release|Any CPU
		{90143280-9198-487B-AB61-3073EE448373}.Release|Any CPU.Build.0 = Release|Any CPU
		{90143280-9198-487B-AB61-3073EE448373}.Release|x64.ActiveCfg = Release|Any CPU
		{90143280-9198-487B-AB61-3073EE448373}.Release|x64.Build.0 = Release|Any CPU
		{90143280-9198-487B-AB61-3073EE448373}.Release|x86.ActiveCfg = Release|Any CPU
		{90143280-9198-487B-AB61-3073EE448373}.Release|x86.Build.0 = Release|Any CPU
		{77E87CBF-8EF4-4146-B3B2-88E1681B4E34}.Debug|Any CPU.ActiveCfg = Debug|Any CPU
		{77E87CBF-8EF4-4146-B3B2-88E1681B4E34}.Debug|Any CPU.Build.0 = Debug|Any CPU
		{77E87CBF-8EF4-4146-B3B2-88E1681B4E34}.Debug|x64.ActiveCfg = Debug|Any CPU
		{77E87CBF-8EF4-4146-B3B2-88E1681B4E34}.Debug|x64.Build.0 = Debug|Any CPU
		{77E87CBF-8EF4-4146-B3B2-88E1681B4E34}.Debug|x86.ActiveCfg = Debug|Any CPU
		{77E87CBF-8EF4-4146-B3B2-88E1681B4E34}.Debug|x86.Build.0 = Debug|Any CPU
		{77E87CBF-8EF4-4146-B3B2-88E1681B4E34}.Release|Any CPU.ActiveCfg = Release|Any CPU
		{77E87CBF-8EF4-4146-B3B2-88E1681B4E34}.Release|Any CPU.Build.0 = Release|Any CPU
		{77E87CBF-8EF4-4146-B3B2-88E1681B4E34}.Release|x64.ActiveCfg = Release|Any CPU
		{77E87CBF-8EF4-4146-B3B2-88E1681B4E34}.Release|x64.Build.0 = Release|Any CPU
		{77E87CBF-8EF4-4146-B3B2-88E1681B4E34}.Release|x86.ActiveCfg = Release|Any CPU
		{77E87CBF-8EF4-4146-B3B2-88E1681B4E34}.Release|x86.Build.0 = Release|Any CPU
		{AD3277DD-9CF8-4B32-ABC9-4DA0784CA15D}.Debug|Any CPU.ActiveCfg = Debug|Any CPU
		{AD3277DD-9CF8-4B32-ABC9-4DA0784CA15D}.Debug|Any CPU.Build.0 = Debug|Any CPU
		{AD3277DD-9CF8-4B32-ABC9-4DA0784CA15D}.Debug|x64.ActiveCfg = Debug|Any CPU
		{AD3277DD-9CF8-4B32-ABC9-4DA0784CA15D}.Debug|x64.Build.0 = Debug|Any CPU
		{AD3277DD-9CF8-4B32-ABC9-4DA0784CA15D}.Debug|x86.ActiveCfg = Debug|Any CPU
		{AD3277DD-9CF8-4B32-ABC9-4DA0784CA15D}.Debug|x86.Build.0 = Debug|Any CPU
		{AD3277DD-9CF8-4B32-ABC9-4DA0784CA15D}.Release|Any CPU.ActiveCfg = Release|Any CPU
		{AD3277DD-9CF8-4B32-ABC9-4DA0784CA15D}.Release|Any CPU.Build.0 = Release|Any CPU
		{AD3277DD-9CF8-4B32-ABC9-4DA0784CA15D}.Release|x64.ActiveCfg = Release|Any CPU
		{AD3277DD-9CF8-4B32-ABC9-4DA0784CA15D}.Release|x64.Build.0 = Release|Any CPU
		{AD3277DD-9CF8-4B32-ABC9-4DA0784CA15D}.Release|x86.ActiveCfg = Release|Any CPU
		{AD3277DD-9CF8-4B32-ABC9-4DA0784CA15D}.Release|x86.Build.0 = Release|Any CPU
		{89A5020B-8A5E-4B17-9230-5E8DC9C22170}.Debug|Any CPU.ActiveCfg = Debug|Any CPU
		{89A5020B-8A5E-4B17-9230-5E8DC9C22170}.Debug|Any CPU.Build.0 = Debug|Any CPU
		{89A5020B-8A5E-4B17-9230-5E8DC9C22170}.Debug|x64.ActiveCfg = Debug|Any CPU
		{89A5020B-8A5E-4B17-9230-5E8DC9C22170}.Debug|x64.Build.0 = Debug|Any CPU
		{89A5020B-8A5E-4B17-9230-5E8DC9C22170}.Debug|x86.ActiveCfg = Debug|Any CPU
		{89A5020B-8A5E-4B17-9230-5E8DC9C22170}.Debug|x86.Build.0 = Debug|Any CPU
		{89A5020B-8A5E-4B17-9230-5E8DC9C22170}.Release|Any CPU.ActiveCfg = Release|Any CPU
		{89A5020B-8A5E-4B17-9230-5E8DC9C22170}.Release|Any CPU.Build.0 = Release|Any CPU
		{89A5020B-8A5E-4B17-9230-5E8DC9C22170}.Release|x64.ActiveCfg = Release|Any CPU
		{89A5020B-8A5E-4B17-9230-5E8DC9C22170}.Release|x64.Build.0 = Release|Any CPU
		{89A5020B-8A5E-4B17-9230-5E8DC9C22170}.Release|x86.ActiveCfg = Release|Any CPU
		{89A5020B-8A5E-4B17-9230-5E8DC9C22170}.Release|x86.Build.0 = Release|Any CPU
		{5FD52C8F-673F-43FD-B760-0064F366E2C5}.Debug|Any CPU.ActiveCfg = Debug|Any CPU
		{5FD52C8F-673F-43FD-B760-0064F366E2C5}.Debug|Any CPU.Build.0 = Debug|Any CPU
		{5FD52C8F-673F-43FD-B760-0064F366E2C5}.Debug|x64.ActiveCfg = Debug|Any CPU
		{5FD52C8F-673F-43FD-B760-0064F366E2C5}.Debug|x64.Build.0 = Debug|Any CPU
		{5FD52C8F-673F-43FD-B760-0064F366E2C5}.Debug|x86.ActiveCfg = Debug|Any CPU
		{5FD52C8F-673F-43FD-B760-0064F366E2C5}.Debug|x86.Build.0 = Debug|Any CPU
		{5FD52C8F-673F-43FD-B760-0064F366E2C5}.Release|Any CPU.ActiveCfg = Release|Any CPU
		{5FD52C8F-673F-43FD-B760-0064F366E2C5}.Release|Any CPU.Build.0 = Release|Any CPU
		{5FD52C8F-673F-43FD-B760-0064F366E2C5}.Release|x64.ActiveCfg = Release|Any CPU
		{5FD52C8F-673F-43FD-B760-0064F366E2C5}.Release|x64.Build.0 = Release|Any CPU
		{5FD52C8F-673F-43FD-B760-0064F366E2C5}.Release|x86.ActiveCfg = Release|Any CPU
		{5FD52C8F-673F-43FD-B760-0064F366E2C5}.Release|x86.Build.0 = Release|Any CPU
		{E0250731-C1BD-4D9A-9EF1-AE3A3AAAA5D3}.Debug|Any CPU.ActiveCfg = Debug|Any CPU
		{E0250731-C1BD-4D9A-9EF1-AE3A3AAAA5D3}.Debug|Any CPU.Build.0 = Debug|Any CPU
		{E0250731-C1BD-4D9A-9EF1-AE3A3AAAA5D3}.Debug|x64.ActiveCfg = Debug|Any CPU
		{E0250731-C1BD-4D9A-9EF1-AE3A3AAAA5D3}.Debug|x64.Build.0 = Debug|Any CPU
		{E0250731-C1BD-4D9A-9EF1-AE3A3AAAA5D3}.Debug|x86.ActiveCfg = Debug|Any CPU
		{E0250731-C1BD-4D9A-9EF1-AE3A3AAAA5D3}.Debug|x86.Build.0 = Debug|Any CPU
		{E0250731-C1BD-4D9A-9EF1-AE3A3AAAA5D3}.Release|Any CPU.ActiveCfg = Release|Any CPU
		{E0250731-C1BD-4D9A-9EF1-AE3A3AAAA5D3}.Release|Any CPU.Build.0 = Release|Any CPU
		{E0250731-C1BD-4D9A-9EF1-AE3A3AAAA5D3}.Release|x64.ActiveCfg = Release|Any CPU
		{E0250731-C1BD-4D9A-9EF1-AE3A3AAAA5D3}.Release|x64.Build.0 = Release|Any CPU
		{E0250731-C1BD-4D9A-9EF1-AE3A3AAAA5D3}.Release|x86.ActiveCfg = Release|Any CPU
		{E0250731-C1BD-4D9A-9EF1-AE3A3AAAA5D3}.Release|x86.Build.0 = Release|Any CPU
		{DEB69470-47B7-41E7-9670-11EC252021EF}.Debug|Any CPU.ActiveCfg = Debug|Any CPU
		{DEB69470-47B7-41E7-9670-11EC252021EF}.Debug|Any CPU.Build.0 = Debug|Any CPU
		{DEB69470-47B7-41E7-9670-11EC252021EF}.Debug|x64.ActiveCfg = Debug|Any CPU
		{DEB69470-47B7-41E7-9670-11EC252021EF}.Debug|x64.Build.0 = Debug|Any CPU
		{DEB69470-47B7-41E7-9670-11EC252021EF}.Debug|x86.ActiveCfg = Debug|Any CPU
		{DEB69470-47B7-41E7-9670-11EC252021EF}.Debug|x86.Build.0 = Debug|Any CPU
		{DEB69470-47B7-41E7-9670-11EC252021EF}.Release|Any CPU.ActiveCfg = Release|Any CPU
		{DEB69470-47B7-41E7-9670-11EC252021EF}.Release|Any CPU.Build.0 = Release|Any CPU
		{DEB69470-47B7-41E7-9670-11EC252021EF}.Release|x64.ActiveCfg = Release|Any CPU
		{DEB69470-47B7-41E7-9670-11EC252021EF}.Release|x64.Build.0 = Release|Any CPU
		{DEB69470-47B7-41E7-9670-11EC252021EF}.Release|x86.ActiveCfg = Release|Any CPU
		{DEB69470-47B7-41E7-9670-11EC252021EF}.Release|x86.Build.0 = Release|Any CPU
		{332CC80F-39A3-4B37-A639-B887B6C957B4}.Debug|Any CPU.ActiveCfg = Debug|Any CPU
		{332CC80F-39A3-4B37-A639-B887B6C957B4}.Debug|Any CPU.Build.0 = Debug|Any CPU
		{332CC80F-39A3-4B37-A639-B887B6C957B4}.Debug|x64.ActiveCfg = Debug|Any CPU
		{332CC80F-39A3-4B37-A639-B887B6C957B4}.Debug|x64.Build.0 = Debug|Any CPU
		{332CC80F-39A3-4B37-A639-B887B6C957B4}.Debug|x86.ActiveCfg = Debug|Any CPU
		{332CC80F-39A3-4B37-A639-B887B6C957B4}.Debug|x86.Build.0 = Debug|Any CPU
		{332CC80F-39A3-4B37-A639-B887B6C957B4}.Release|Any CPU.ActiveCfg = Release|Any CPU
		{332CC80F-39A3-4B37-A639-B887B6C957B4}.Release|Any CPU.Build.0 = Release|Any CPU
		{332CC80F-39A3-4B37-A639-B887B6C957B4}.Release|x64.ActiveCfg = Release|Any CPU
		{332CC80F-39A3-4B37-A639-B887B6C957B4}.Release|x64.Build.0 = Release|Any CPU
		{332CC80F-39A3-4B37-A639-B887B6C957B4}.Release|x86.ActiveCfg = Release|Any CPU
		{332CC80F-39A3-4B37-A639-B887B6C957B4}.Release|x86.Build.0 = Release|Any CPU
		{7B6AD58F-059D-437C-80D4-C7E2745A42B2}.Debug|Any CPU.ActiveCfg = Debug|Any CPU
		{7B6AD58F-059D-437C-80D4-C7E2745A42B2}.Debug|Any CPU.Build.0 = Debug|Any CPU
		{7B6AD58F-059D-437C-80D4-C7E2745A42B2}.Debug|x64.ActiveCfg = Debug|Any CPU
		{7B6AD58F-059D-437C-80D4-C7E2745A42B2}.Debug|x64.Build.0 = Debug|Any CPU
		{7B6AD58F-059D-437C-80D4-C7E2745A42B2}.Debug|x86.ActiveCfg = Debug|Any CPU
		{7B6AD58F-059D-437C-80D4-C7E2745A42B2}.Debug|x86.Build.0 = Debug|Any CPU
		{7B6AD58F-059D-437C-80D4-C7E2745A42B2}.Release|Any CPU.ActiveCfg = Release|Any CPU
		{7B6AD58F-059D-437C-80D4-C7E2745A42B2}.Release|Any CPU.Build.0 = Release|Any CPU
		{7B6AD58F-059D-437C-80D4-C7E2745A42B2}.Release|x64.ActiveCfg = Release|Any CPU
		{7B6AD58F-059D-437C-80D4-C7E2745A42B2}.Release|x64.Build.0 = Release|Any CPU
		{7B6AD58F-059D-437C-80D4-C7E2745A42B2}.Release|x86.ActiveCfg = Release|Any CPU
		{7B6AD58F-059D-437C-80D4-C7E2745A42B2}.Release|x86.Build.0 = Release|Any CPU
		{DEF77549-AE08-462A-8C24-18FB434AA21A}.Debug|Any CPU.ActiveCfg = Debug|Any CPU
		{DEF77549-AE08-462A-8C24-18FB434AA21A}.Debug|Any CPU.Build.0 = Debug|Any CPU
		{DEF77549-AE08-462A-8C24-18FB434AA21A}.Debug|x64.ActiveCfg = Debug|Any CPU
		{DEF77549-AE08-462A-8C24-18FB434AA21A}.Debug|x64.Build.0 = Debug|Any CPU
		{DEF77549-AE08-462A-8C24-18FB434AA21A}.Debug|x86.ActiveCfg = Debug|Any CPU
		{DEF77549-AE08-462A-8C24-18FB434AA21A}.Debug|x86.Build.0 = Debug|Any CPU
		{DEF77549-AE08-462A-8C24-18FB434AA21A}.Release|Any CPU.ActiveCfg = Release|Any CPU
		{DEF77549-AE08-462A-8C24-18FB434AA21A}.Release|Any CPU.Build.0 = Release|Any CPU
		{DEF77549-AE08-462A-8C24-18FB434AA21A}.Release|x64.ActiveCfg = Release|Any CPU
		{DEF77549-AE08-462A-8C24-18FB434AA21A}.Release|x64.Build.0 = Release|Any CPU
		{DEF77549-AE08-462A-8C24-18FB434AA21A}.Release|x86.ActiveCfg = Release|Any CPU
		{DEF77549-AE08-462A-8C24-18FB434AA21A}.Release|x86.Build.0 = Release|Any CPU
		{C0C678FA-CCFF-41E2-8CD0-03FCCC6D7C0F}.Debug|Any CPU.ActiveCfg = Debug|Any CPU
		{C0C678FA-CCFF-41E2-8CD0-03FCCC6D7C0F}.Debug|Any CPU.Build.0 = Debug|Any CPU
		{C0C678FA-CCFF-41E2-8CD0-03FCCC6D7C0F}.Debug|x64.ActiveCfg = Debug|Any CPU
		{C0C678FA-CCFF-41E2-8CD0-03FCCC6D7C0F}.Debug|x64.Build.0 = Debug|Any CPU
		{C0C678FA-CCFF-41E2-8CD0-03FCCC6D7C0F}.Debug|x86.ActiveCfg = Debug|Any CPU
		{C0C678FA-CCFF-41E2-8CD0-03FCCC6D7C0F}.Debug|x86.Build.0 = Debug|Any CPU
		{C0C678FA-CCFF-41E2-8CD0-03FCCC6D7C0F}.Release|Any CPU.ActiveCfg = Release|Any CPU
		{C0C678FA-CCFF-41E2-8CD0-03FCCC6D7C0F}.Release|Any CPU.Build.0 = Release|Any CPU
		{C0C678FA-CCFF-41E2-8CD0-03FCCC6D7C0F}.Release|x64.ActiveCfg = Release|Any CPU
		{C0C678FA-CCFF-41E2-8CD0-03FCCC6D7C0F}.Release|x64.Build.0 = Release|Any CPU
		{C0C678FA-CCFF-41E2-8CD0-03FCCC6D7C0F}.Release|x86.ActiveCfg = Release|Any CPU
		{C0C678FA-CCFF-41E2-8CD0-03FCCC6D7C0F}.Release|x86.Build.0 = Release|Any CPU
		{F9FFB37A-E504-4D36-9144-23B917A6E683}.Debug|Any CPU.ActiveCfg = Debug|Any CPU
		{F9FFB37A-E504-4D36-9144-23B917A6E683}.Debug|Any CPU.Build.0 = Debug|Any CPU
		{F9FFB37A-E504-4D36-9144-23B917A6E683}.Debug|x64.ActiveCfg = Debug|Any CPU
		{F9FFB37A-E504-4D36-9144-23B917A6E683}.Debug|x64.Build.0 = Debug|Any CPU
		{F9FFB37A-E504-4D36-9144-23B917A6E683}.Debug|x86.ActiveCfg = Debug|Any CPU
		{F9FFB37A-E504-4D36-9144-23B917A6E683}.Debug|x86.Build.0 = Debug|Any CPU
		{F9FFB37A-E504-4D36-9144-23B917A6E683}.Release|Any CPU.ActiveCfg = Release|Any CPU
		{F9FFB37A-E504-4D36-9144-23B917A6E683}.Release|Any CPU.Build.0 = Release|Any CPU
		{F9FFB37A-E504-4D36-9144-23B917A6E683}.Release|x64.ActiveCfg = Release|Any CPU
		{F9FFB37A-E504-4D36-9144-23B917A6E683}.Release|x64.Build.0 = Release|Any CPU
		{F9FFB37A-E504-4D36-9144-23B917A6E683}.Release|x86.ActiveCfg = Release|Any CPU
		{F9FFB37A-E504-4D36-9144-23B917A6E683}.Release|x86.Build.0 = Release|Any CPU
		{2D949B0A-8579-4EE0-9C05-974E2F7BEC81}.Debug|Any CPU.ActiveCfg = Debug|Any CPU
		{2D949B0A-8579-4EE0-9C05-974E2F7BEC81}.Debug|Any CPU.Build.0 = Debug|Any CPU
		{2D949B0A-8579-4EE0-9C05-974E2F7BEC81}.Debug|x64.ActiveCfg = Debug|Any CPU
		{2D949B0A-8579-4EE0-9C05-974E2F7BEC81}.Debug|x64.Build.0 = Debug|Any CPU
		{2D949B0A-8579-4EE0-9C05-974E2F7BEC81}.Debug|x86.ActiveCfg = Debug|Any CPU
		{2D949B0A-8579-4EE0-9C05-974E2F7BEC81}.Debug|x86.Build.0 = Debug|Any CPU
		{2D949B0A-8579-4EE0-9C05-974E2F7BEC81}.Release|Any CPU.ActiveCfg = Release|Any CPU
		{2D949B0A-8579-4EE0-9C05-974E2F7BEC81}.Release|Any CPU.Build.0 = Release|Any CPU
		{2D949B0A-8579-4EE0-9C05-974E2F7BEC81}.Release|x64.ActiveCfg = Release|Any CPU
		{2D949B0A-8579-4EE0-9C05-974E2F7BEC81}.Release|x64.Build.0 = Release|Any CPU
		{2D949B0A-8579-4EE0-9C05-974E2F7BEC81}.Release|x86.ActiveCfg = Release|Any CPU
		{2D949B0A-8579-4EE0-9C05-974E2F7BEC81}.Release|x86.Build.0 = Release|Any CPU
		{83E3991E-D0E1-401A-B8FC-89C1DC159682}.Debug|Any CPU.ActiveCfg = Debug|Any CPU
		{83E3991E-D0E1-401A-B8FC-89C1DC159682}.Debug|Any CPU.Build.0 = Debug|Any CPU
		{83E3991E-D0E1-401A-B8FC-89C1DC159682}.Debug|x64.ActiveCfg = Debug|Any CPU
		{83E3991E-D0E1-401A-B8FC-89C1DC159682}.Debug|x64.Build.0 = Debug|Any CPU
		{83E3991E-D0E1-401A-B8FC-89C1DC159682}.Debug|x86.ActiveCfg = Debug|Any CPU
		{83E3991E-D0E1-401A-B8FC-89C1DC159682}.Debug|x86.Build.0 = Debug|Any CPU
		{83E3991E-D0E1-401A-B8FC-89C1DC159682}.Release|Any CPU.ActiveCfg = Release|Any CPU
		{83E3991E-D0E1-401A-B8FC-89C1DC159682}.Release|Any CPU.Build.0 = Release|Any CPU
		{83E3991E-D0E1-401A-B8FC-89C1DC159682}.Release|x64.ActiveCfg = Release|Any CPU
		{83E3991E-D0E1-401A-B8FC-89C1DC159682}.Release|x64.Build.0 = Release|Any CPU
		{83E3991E-D0E1-401A-B8FC-89C1DC159682}.Release|x86.ActiveCfg = Release|Any CPU
		{83E3991E-D0E1-401A-B8FC-89C1DC159682}.Release|x86.Build.0 = Release|Any CPU
		{8DEB7CCC-F1DF-4213-A05E-E25F3AE71BE1}.Debug|Any CPU.ActiveCfg = Debug|Any CPU
		{8DEB7CCC-F1DF-4213-A05E-E25F3AE71BE1}.Debug|Any CPU.Build.0 = Debug|Any CPU
		{8DEB7CCC-F1DF-4213-A05E-E25F3AE71BE1}.Debug|x64.ActiveCfg = Debug|Any CPU
		{8DEB7CCC-F1DF-4213-A05E-E25F3AE71BE1}.Debug|x64.Build.0 = Debug|Any CPU
		{8DEB7CCC-F1DF-4213-A05E-E25F3AE71BE1}.Debug|x86.ActiveCfg = Debug|Any CPU
		{8DEB7CCC-F1DF-4213-A05E-E25F3AE71BE1}.Debug|x86.Build.0 = Debug|Any CPU
		{8DEB7CCC-F1DF-4213-A05E-E25F3AE71BE1}.Release|Any CPU.ActiveCfg = Release|Any CPU
		{8DEB7CCC-F1DF-4213-A05E-E25F3AE71BE1}.Release|Any CPU.Build.0 = Release|Any CPU
		{8DEB7CCC-F1DF-4213-A05E-E25F3AE71BE1}.Release|x64.ActiveCfg = Release|Any CPU
		{8DEB7CCC-F1DF-4213-A05E-E25F3AE71BE1}.Release|x64.Build.0 = Release|Any CPU
		{8DEB7CCC-F1DF-4213-A05E-E25F3AE71BE1}.Release|x86.ActiveCfg = Release|Any CPU
		{8DEB7CCC-F1DF-4213-A05E-E25F3AE71BE1}.Release|x86.Build.0 = Release|Any CPU
		{DB485204-54AF-401D-8483-4DA3B60F3607}.Debug|Any CPU.ActiveCfg = Debug|Any CPU
		{DB485204-54AF-401D-8483-4DA3B60F3607}.Debug|Any CPU.Build.0 = Debug|Any CPU
		{DB485204-54AF-401D-8483-4DA3B60F3607}.Debug|x64.ActiveCfg = Debug|Any CPU
		{DB485204-54AF-401D-8483-4DA3B60F3607}.Debug|x64.Build.0 = Debug|Any CPU
		{DB485204-54AF-401D-8483-4DA3B60F3607}.Debug|x86.ActiveCfg = Debug|Any CPU
		{DB485204-54AF-401D-8483-4DA3B60F3607}.Debug|x86.Build.0 = Debug|Any CPU
		{DB485204-54AF-401D-8483-4DA3B60F3607}.Release|Any CPU.ActiveCfg = Release|Any CPU
		{DB485204-54AF-401D-8483-4DA3B60F3607}.Release|Any CPU.Build.0 = Release|Any CPU
		{DB485204-54AF-401D-8483-4DA3B60F3607}.Release|x64.ActiveCfg = Release|Any CPU
		{DB485204-54AF-401D-8483-4DA3B60F3607}.Release|x64.Build.0 = Release|Any CPU
		{DB485204-54AF-401D-8483-4DA3B60F3607}.Release|x86.ActiveCfg = Release|Any CPU
		{DB485204-54AF-401D-8483-4DA3B60F3607}.Release|x86.Build.0 = Release|Any CPU
		{195E3F3D-BF98-498F-861A-C3A55D80B7EA}.Debug|Any CPU.ActiveCfg = Debug|Any CPU
		{195E3F3D-BF98-498F-861A-C3A55D80B7EA}.Debug|Any CPU.Build.0 = Debug|Any CPU
		{195E3F3D-BF98-498F-861A-C3A55D80B7EA}.Debug|x64.ActiveCfg = Debug|Any CPU
		{195E3F3D-BF98-498F-861A-C3A55D80B7EA}.Debug|x64.Build.0 = Debug|Any CPU
		{195E3F3D-BF98-498F-861A-C3A55D80B7EA}.Debug|x86.ActiveCfg = Debug|Any CPU
		{195E3F3D-BF98-498F-861A-C3A55D80B7EA}.Debug|x86.Build.0 = Debug|Any CPU
		{195E3F3D-BF98-498F-861A-C3A55D80B7EA}.Release|Any CPU.ActiveCfg = Release|Any CPU
		{195E3F3D-BF98-498F-861A-C3A55D80B7EA}.Release|Any CPU.Build.0 = Release|Any CPU
		{195E3F3D-BF98-498F-861A-C3A55D80B7EA}.Release|x64.ActiveCfg = Release|Any CPU
		{195E3F3D-BF98-498F-861A-C3A55D80B7EA}.Release|x64.Build.0 = Release|Any CPU
		{195E3F3D-BF98-498F-861A-C3A55D80B7EA}.Release|x86.ActiveCfg = Release|Any CPU
		{195E3F3D-BF98-498F-861A-C3A55D80B7EA}.Release|x86.Build.0 = Release|Any CPU
	EndGlobalSection
	GlobalSection(SolutionProperties) = preSolution
		HideSolutionNode = FALSE
	EndGlobalSection
	GlobalSection(NestedProjects) = preSolution
		{EE519EE7-F3A8-4A1A-8C2B-499C33BF7825} = {D47AFE57-2613-4CC3-ABE5-C7AFCB3A173F}
		{90143280-9198-487B-AB61-3073EE448373} = {D47AFE57-2613-4CC3-ABE5-C7AFCB3A173F}
		{77E87CBF-8EF4-4146-B3B2-88E1681B4E34} = {D47AFE57-2613-4CC3-ABE5-C7AFCB3A173F}
		{AD3277DD-9CF8-4B32-ABC9-4DA0784CA15D} = {D47AFE57-2613-4CC3-ABE5-C7AFCB3A173F}
		{89A5020B-8A5E-4B17-9230-5E8DC9C22170} = {B863234C-D5B6-4C62-9482-C2D77B8EFF21}
		{5FD52C8F-673F-43FD-B760-0064F366E2C5} = {B863234C-D5B6-4C62-9482-C2D77B8EFF21}
		{E0250731-C1BD-4D9A-9EF1-AE3A3AAAA5D3} = {B863234C-D5B6-4C62-9482-C2D77B8EFF21}
		{DEB69470-47B7-41E7-9670-11EC252021EF} = {D47AFE57-2613-4CC3-ABE5-C7AFCB3A173F}
		{332CC80F-39A3-4B37-A639-B887B6C957B4} = {D47AFE57-2613-4CC3-ABE5-C7AFCB3A173F}
		{7B6AD58F-059D-437C-80D4-C7E2745A42B2} = {B863234C-D5B6-4C62-9482-C2D77B8EFF21}
		{DEF77549-AE08-462A-8C24-18FB434AA21A} = {D47AFE57-2613-4CC3-ABE5-C7AFCB3A173F}
		{C0C678FA-CCFF-41E2-8CD0-03FCCC6D7C0F} = {B863234C-D5B6-4C62-9482-C2D77B8EFF21}
		{F9FFB37A-E504-4D36-9144-23B917A6E683} = {D47AFE57-2613-4CC3-ABE5-C7AFCB3A173F}
		{2D949B0A-8579-4EE0-9C05-974E2F7BEC81} = {D47AFE57-2613-4CC3-ABE5-C7AFCB3A173F}
		{83E3991E-D0E1-401A-B8FC-89C1DC159682} = {D47AFE57-2613-4CC3-ABE5-C7AFCB3A173F}
		{8DEB7CCC-F1DF-4213-A05E-E25F3AE71BE1} = {B863234C-D5B6-4C62-9482-C2D77B8EFF21}
		{DB485204-54AF-401D-8483-4DA3B60F3607} = {B863234C-D5B6-4C62-9482-C2D77B8EFF21}
		{195E3F3D-BF98-498F-861A-C3A55D80B7EA} = {B863234C-D5B6-4C62-9482-C2D77B8EFF21}
	EndGlobalSection
EndGlobal
